// !$*UTF8*$!
{
	archiveVersion = 1;
	classes = {
	};
	objectVersion = 50;
	objects = {

/* Begin PBXBuildFile section */
		90F37A4423B866B80067DA69 /* main.swift in Sources */ = {isa = PBXBuildFile; fileRef = 90F37A4323B866B80067DA69 /* main.swift */; };
		90F37A4D23B867C10067DA69 /* codex.umz in CopyFiles */ = {isa = PBXBuildFile; fileRef = 90F37A4A23B8676A0067DA69 /* codex.umz */; };
		90F37A4E23B867C10067DA69 /* sandmark.umz in CopyFiles */ = {isa = PBXBuildFile; fileRef = 90F37A4B23B8676A0067DA69 /* sandmark.umz */; };
		90F37A5023B867F10067DA69 /* um.swift in Sources */ = {isa = PBXBuildFile; fileRef = 90F37A4F23B867F10067DA69 /* um.swift */; };
		90F37A5423BAE8730067DA69 /* sexp.swift in Sources */ = {isa = PBXBuildFile; fileRef = 90F37A5323BAE8730067DA69 /* sexp.swift */; };
		90F37A5823BBBA890067DA69 /* ItemBuilder.swift in Sources */ = {isa = PBXBuildFile; fileRef = 90F37A5723BBBA890067DA69 /* ItemBuilder.swift */; };
		90F37A5B23BC6B940067DA69 /* AdventureItem.swift in Sources */ = {isa = PBXBuildFile; fileRef = 90F37A5A23BC6B940067DA69 /* AdventureItem.swift */; };
/* End PBXBuildFile section */

/* Begin PBXCopyFilesBuildPhase section */
		90F37A3E23B866B80067DA69 /* CopyFiles */ = {
			isa = PBXCopyFilesBuildPhase;
			buildActionMask = 12;
			dstPath = "";
			dstSubfolderSpec = 16;
			files = (
				90F37A4D23B867C10067DA69 /* codex.umz in CopyFiles */,
				90F37A4E23B867C10067DA69 /* sandmark.umz in CopyFiles */,
			);
			runOnlyForDeploymentPostprocessing = 0;
		};
/* End PBXCopyFilesBuildPhase section */

/* Begin PBXFileReference section */
		90F37A4023B866B80067DA69 /* icfp06 */ = {isa = PBXFileReference; explicitFileType = "compiled.mach-o.executable"; includeInIndex = 0; path = icfp06; sourceTree = BUILT_PRODUCTS_DIR; };
		90F37A4323B866B80067DA69 /* main.swift */ = {isa = PBXFileReference; lastKnownFileType = sourcecode.swift; path = main.swift; sourceTree = "<group>"; };
		90F37A4A23B8676A0067DA69 /* codex.umz */ = {isa = PBXFileReference; lastKnownFileType = file; path = codex.umz; sourceTree = SOURCE_ROOT; };
		90F37A4B23B8676A0067DA69 /* sandmark.umz */ = {isa = PBXFileReference; lastKnownFileType = file; path = sandmark.umz; sourceTree = SOURCE_ROOT; };
		90F37A4C23B8676A0067DA69 /* um-spec.txt */ = {isa = PBXFileReference; fileEncoding = 4; lastKnownFileType = text; path = "um-spec.txt"; sourceTree = SOURCE_ROOT; };
		90F37A4F23B867F10067DA69 /* um.swift */ = {isa = PBXFileReference; lastKnownFileType = sourcecode.swift; path = um.swift; sourceTree = "<group>"; };
		90F37A5123B96A800067DA69 /* hack.bas */ = {isa = PBXFileReference; lastKnownFileType = file; path = hack.bas; sourceTree = SOURCE_ROOT; };
		90F37A5323BAE8730067DA69 /* sexp.swift */ = {isa = PBXFileReference; lastKnownFileType = sourcecode.swift; path = sexp.swift; sourceTree = "<group>"; };
		90F37A5723BBBA890067DA69 /* ItemBuilder.swift */ = {isa = PBXFileReference; lastKnownFileType = sourcecode.swift; path = ItemBuilder.swift; sourceTree = "<group>"; };
		90F37A5A23BC6B940067DA69 /* AdventureItem.swift */ = {isa = PBXFileReference; lastKnownFileType = sourcecode.swift; path = AdventureItem.swift; sourceTree = "<group>"; };
/* End PBXFileReference section */

/* Begin PBXFrameworksBuildPhase section */
		90F37A3D23B866B80067DA69 /* Frameworks */ = {
			isa = PBXFrameworksBuildPhase;
			buildActionMask = 2147483647;
			files = (
			);
			runOnlyForDeploymentPostprocessing = 0;
		};
/* End PBXFrameworksBuildPhase section */

/* Begin PBXGroup section */
		90F37A3723B866B80067DA69 = {
			isa = PBXGroup;
			children = (
				90F37A4223B866B80067DA69 /* icfp06 */,
				90F37A4123B866B80067DA69 /* Products */,
			);
			sourceTree = "<group>";
		};
		90F37A4123B866B80067DA69 /* Products */ = {
			isa = PBXGroup;
			children = (
				90F37A4023B866B80067DA69 /* icfp06 */,
			);
			name = Products;
			sourceTree = "<group>";
		};
		90F37A4223B866B80067DA69 /* icfp06 */ = {
			isa = PBXGroup;
			children = (
				90F37A4A23B8676A0067DA69 /* codex.umz */,
				90F37A4B23B8676A0067DA69 /* sandmark.umz */,
				90F37A4C23B8676A0067DA69 /* um-spec.txt */,
				90F37A4323B866B80067DA69 /* main.swift */,
				90F37A4F23B867F10067DA69 /* um.swift */,
				90F37A5123B96A800067DA69 /* hack.bas */,
				90F37A5323BAE8730067DA69 /* sexp.swift */,
				90F37A5723BBBA890067DA69 /* ItemBuilder.swift */,
				90F37A5A23BC6B940067DA69 /* AdventureItem.swift */,
			);
			path = icfp06;
			sourceTree = "<group>";
		};
/* End PBXGroup section */

/* Begin PBXNativeTarget section */
		90F37A3F23B866B80067DA69 /* icfp06 */ = {
			isa = PBXNativeTarget;
			buildConfigurationList = 90F37A4723B866B80067DA69 /* Build configuration list for PBXNativeTarget "icfp06" */;
			buildPhases = (
				90F37A3C23B866B80067DA69 /* Sources */,
				90F37A3D23B866B80067DA69 /* Frameworks */,
				90F37A3E23B866B80067DA69 /* CopyFiles */,
			);
			buildRules = (
			);
			dependencies = (
			);
			name = icfp06;
			productName = icfp06;
			productReference = 90F37A4023B866B80067DA69 /* icfp06 */;
			productType = "com.apple.product-type.tool";
		};
/* End PBXNativeTarget section */

/* Begin PBXProject section */
		90F37A3823B866B80067DA69 /* Project object */ = {
			isa = PBXProject;
			attributes = {
				LastSwiftUpdateCheck = 1120;
				LastUpgradeCheck = 1120;
				ORGANIZATIONNAME = "peter bohac";
				TargetAttributes = {
					90F37A3F23B866B80067DA69 = {
						CreatedOnToolsVersion = 11.2.1;
					};
				};
			};
			buildConfigurationList = 90F37A3B23B866B80067DA69 /* Build configuration list for PBXProject "icfp06" */;
			compatibilityVersion = "Xcode 9.3";
			developmentRegion = en;
			hasScannedForEncodings = 0;
			knownRegions = (
				en,
				Base,
			);
			mainGroup = 90F37A3723B866B80067DA69;
			productRefGroup = 90F37A4123B866B80067DA69 /* Products */;
			projectDirPath = "";
			projectRoot = "";
			targets = (
				90F37A3F23B866B80067DA69 /* icfp06 */,
			);
		};
/* End PBXProject section */

/* Begin PBXSourcesBuildPhase section */
		90F37A3C23B866B80067DA69 /* Sources */ = {
			isa = PBXSourcesBuildPhase;
			buildActionMask = 2147483647;
			files = (
				90F37A5423BAE8730067DA69 /* sexp.swift in Sources */,
				90F37A4423B866B80067DA69 /* main.swift in Sources */,
				90F37A5823BBBA890067DA69 /* ItemBuilder.swift in Sources */,
				90F37A5023B867F10067DA69 /* um.swift in Sources */,
				90F37A5B23BC6B940067DA69 /* AdventureItem.swift in Sources */,
			);
			runOnlyForDeploymentPostprocessing = 0;
		};
/* End PBXSourcesBuildPhase section */

/* Begin XCBuildConfiguration section */
		90F37A4523B866B80067DA69 /* Debug */ = {
			isa = XCBuildConfiguration;
			buildSettings = {
				ALWAYS_SEARCH_USER_PATHS = NO;
				CLANG_ANALYZER_NONNULL = YES;
				CLANG_ANALYZER_NUMBER_OBJECT_CONVERSION = YES_AGGRESSIVE;
				CLANG_CXX_LANGUAGE_STANDARD = "gnu++14";
				CLANG_CXX_LIBRARY = "libc++";
				CLANG_ENABLE_MODULES = YES;
				CLANG_ENABLE_OBJC_ARC = YES;
				CLANG_ENABLE_OBJC_WEAK = YES;
				CLANG_WARN_BLOCK_CAPTURE_AUTORELEASING = YES;
				CLANG_WARN_BOOL_CONVERSION = YES;
				CLANG_WARN_COMMA = YES;
				CLANG_WARN_CONSTANT_CONVERSION = YES;
				CLANG_WARN_DEPRECATED_OBJC_IMPLEMENTATIONS = YES;
				CLANG_WARN_DIRECT_OBJC_ISA_USAGE = YES_ERROR;
				CLANG_WARN_DOCUMENTATION_COMMENTS = YES;
				CLANG_WARN_EMPTY_BODY = YES;
				CLANG_WARN_ENUM_CONVERSION = YES;
				CLANG_WARN_INFINITE_RECURSION = YES;
				CLANG_WARN_INT_CONVERSION = YES;
				CLANG_WARN_NON_LITERAL_NULL_CONVERSION = YES;
				CLANG_WARN_OBJC_IMPLICIT_RETAIN_SELF = YES;
				CLANG_WARN_OBJC_LITERAL_CONVERSION = YES;
				CLANG_WARN_OBJC_ROOT_CLASS = YES_ERROR;
				CLANG_WARN_RANGE_LOOP_ANALYSIS = YES;
				CLANG_WARN_STRICT_PROTOTYPES = YES;
				CLANG_WARN_SUSPICIOUS_MOVE = YES;
				CLANG_WARN_UNGUARDED_AVAILABILITY = YES_AGGRESSIVE;
				CLANG_WARN_UNREACHABLE_CODE = YES;
				CLANG_WARN__DUPLICATE_METHOD_MATCH = YES;
				COPY_PHASE_STRIP = NO;
				DEBUG_INFORMATION_FORMAT = dwarf;
				ENABLE_STRICT_OBJC_MSGSEND = YES;
				ENABLE_TESTABILITY = YES;
				GCC_C_LANGUAGE_STANDARD = gnu11;
				GCC_DYNAMIC_NO_PIC = NO;
				GCC_NO_COMMON_BLOCKS = YES;
				GCC_OPTIMIZATION_LEVEL = 0;
				GCC_PREPROCESSOR_DEFINITIONS = (
					"DEBUG=1",
					"$(inherited)",
				);
				GCC_WARN_64_TO_32_BIT_CONVERSION = YES;
				GCC_WARN_ABOUT_RETURN_TYPE = YES_ERROR;
				GCC_WARN_UNDECLARED_SELECTOR = YES;
				GCC_WARN_UNINITIALIZED_AUTOS = YES_AGGRESSIVE;
				GCC_WARN_UNUSED_FUNCTION = YES;
				GCC_WARN_UNUSED_VARIABLE = YES;
				MACOSX_DEPLOYMENT_TARGET = 10.15;
				MTL_ENABLE_DEBUG_INFO = INCLUDE_SOURCE;
				MTL_FAST_MATH = YES;
				ONLY_ACTIVE_ARCH = YES;
				SDKROOT = macosx;
				SWIFT_ACTIVE_COMPILATION_CONDITIONS = DEBUG;
				SWIFT_OPTIMIZATION_LEVEL = "-Onone";
			};
			name = Debug;
		};
		90F37A4623B866B80067DA69 /* Release */ = {
			isa = XCBuildConfiguration;
			buildSettings = {
				ALWAYS_SEARCH_USER_PATHS = NO;
				CLANG_ANALYZER_NONNULL = YES;
				CLANG_ANALYZER_NUMBER_OBJECT_CONVERSION = YES_AGGRESSIVE;
				CLANG_CXX_LANGUAGE_STANDARD = "gnu++14";
				CLANG_CXX_LIBRARY = "libc++";
				CLANG_ENABLE_MODULES = YES;
				CLANG_ENABLE_OBJC_ARC = YES;
				CLANG_ENABLE_OBJC_WEAK = YES;
				CLANG_WARN_BLOCK_CAPTURE_AUTORELEASING = YES;
				CLANG_WARN_BOOL_CONVERSION = YES;
				CLANG_WARN_COMMA = YES;
				CLANG_WARN_CONSTANT_CONVERSION = YES;
				CLANG_WARN_DEPRECATED_OBJC_IMPLEMENTATIONS = YES;
				CLANG_WARN_DIRECT_OBJC_ISA_USAGE = YES_ERROR;
				CLANG_WARN_DOCUMENTATION_COMMENTS = YES;
				CLANG_WARN_EMPTY_BODY = YES;
				CLANG_WARN_ENUM_CONVERSION = YES;
				CLANG_WARN_INFINITE_RECURSION = YES;
				CLANG_WARN_INT_CONVERSION = YES;
				CLANG_WARN_NON_LITERAL_NULL_CONVERSION = YES;
				CLANG_WARN_OBJC_IMPLICIT_RETAIN_SELF = YES;
				CLANG_WARN_OBJC_LITERAL_CONVERSION = YES;
				CLANG_WARN_OBJC_ROOT_CLASS = YES_ERROR;
				CLANG_WARN_RANGE_LOOP_ANALYSIS = YES;
				CLANG_WARN_STRICT_PROTOTYPES = YES;
				CLANG_WARN_SUSPICIOUS_MOVE = YES;
				CLANG_WARN_UNGUARDED_AVAILABILITY = YES_AGGRESSIVE;
				CLANG_WARN_UNREACHABLE_CODE = YES;
				CLANG_WARN__DUPLICATE_METHOD_MATCH = YES;
				COPY_PHASE_STRIP = NO;
				DEBUG_INFORMATION_FORMAT = "dwarf-with-dsym";
				ENABLE_NS_ASSERTIONS = NO;
				ENABLE_STRICT_OBJC_MSGSEND = YES;
				GCC_C_LANGUAGE_STANDARD = gnu11;
				GCC_NO_COMMON_BLOCKS = YES;
				GCC_WARN_64_TO_32_BIT_CONVERSION = YES;
				GCC_WARN_ABOUT_RETURN_TYPE = YES_ERROR;
				GCC_WARN_UNDECLARED_SELECTOR = YES;
				GCC_WARN_UNINITIALIZED_AUTOS = YES_AGGRESSIVE;
				GCC_WARN_UNUSED_FUNCTION = YES;
				GCC_WARN_UNUSED_VARIABLE = YES;
				MACOSX_DEPLOYMENT_TARGET = 10.15;
				MTL_ENABLE_DEBUG_INFO = NO;
				MTL_FAST_MATH = YES;
				SDKROOT = macosx;
				SWIFT_COMPILATION_MODE = wholemodule;
				SWIFT_OPTIMIZATION_LEVEL = "-O";
			};
			name = Release;
		};
		90F37A4823B866B80067DA69 /* Debug */ = {
			isa = XCBuildConfiguration;
			buildSettings = {
				CODE_SIGN_STYLE = Automatic;
				DEVELOPMENT_TEAM = 6C7T9FCL5T;
				ENABLE_HARDENED_RUNTIME = YES;
				PRODUCT_NAME = "$(TARGET_NAME)";
				SWIFT_VERSION = 5.0;
			};
			name = Debug;
		};
		90F37A4923B866B80067DA69 /* Release */ = {
			isa = XCBuildConfiguration;
			buildSettings = {
				CODE_SIGN_STYLE = Automatic;
				DEVELOPMENT_TEAM = 6C7T9FCL5T;
				ENABLE_HARDENED_RUNTIME = YES;
				PRODUCT_NAME = "$(TARGET_NAME)";
				SWIFT_VERSION = 5.0;
			};
			name = Release;
		};
/* End XCBuildConfiguration section */

/* Begin XCConfigurationList section */
		90F37A3B23B866B80067DA69 /* Build configuration list for PBXProject "icfp06" */ = {
			isa = XCConfigurationList;
			buildConfigurations = (
				90F37A4523B866B80067DA69 /* Debug */,
				90F37A4623B866B80067DA69 /* Release */,
			);
			defaultConfigurationIsVisible = 0;
			defaultConfigurationName = Release;
		};
		90F37A4723B866B80067DA69 /* Build configuration list for PBXNativeTarget "icfp06" */ = {
			isa = XCConfigurationList;
			buildConfigurations = (
				90F37A4823B866B80067DA69 /* Debug */,
				90F37A4923B866B80067DA69 /* Release */,
			);
			defaultConfigurationIsVisible = 0;
			defaultConfigurationName = Release;
		};
/* End XCConfigurationList section */
	};
	rootObject = 90F37A3823B866B80067DA69 /* Project object */;
}
